
Microsoft Visual Studio Solution File, Format Version 12.00
# Visual Studio Version 17
VisualStudioVersion = 17.12.35707.178
MinimumVisualStudioVersion = 10.0.40219.1
Project("{FAE04EC0-301F-11D3-BF4B-00C04F79EFBC}") = "Conv", "Conv\Conv.csproj", "{E07E56E5-0E75-483C-9C1C-B8020A983D26}"
EndProject
Project("{FAE04EC0-301F-11D3-BF4B-00C04F79EFBC}") = "ConvTest1", "ConvTest1\ConvTest1.csproj", "{EE3A97E5-5E7F-4375-9840-0F6E85097F24}"
EndProject
Global
	GlobalSection(SolutionConfigurationPlatforms) = preSolution
		Debug|Any CPU = Debug|Any CPU
		Release|Any CPU = Release|Any CPU
	EndGlobalSection
	GlobalSection(ProjectConfigurationPlatforms) = postSolution
		{E07E56E5-0E75-483C-9C1C-B8020A983D26}.Debug|Any CPU.ActiveCfg = Debug|Any CPU
		{E07E56E5-0E75-483C-9C1C-B8020A983D26}.Debug|Any CPU.Build.0 = Debug|Any CPU
		{E07E56E5-0E75-483C-9C1C-B8020A983D26}.Release|Any CPU.ActiveCfg = Release|Any CPU
		{E07E56E5-0E75-483C-9C1C-B8020A983D26}.Release|Any CPU.Build.0 = Release|Any CPU
		{EE3A97E5-5E7F-4375-9840-0F6E85097F24}.Debug|Any CPU.ActiveCfg = Debug|Any CPU
		{EE3A97E5-5E7F-4375-9840-0F6E85097F24}.Debug|Any CPU.Build.0 = Debug|Any CPU
		{EE3A97E5-5E7F-4375-9840-0F6E85097F24}.Release|Any CPU.ActiveCfg = Release|Any CPU
		{EE3A97E5-5E7F-4375-9840-0F6E85097F24}.Release|Any CPU.Build.0 = Release|Any CPU
	EndGlobalSection
	GlobalSection(SolutionProperties) = preSolution
		HideSolutionNode = FALSE
	EndGlobalSection
EndGlobal
